// !$*UTF8*$!
{
	archiveVersion = 1;
	classes = {
	};
	objectVersion = 50;
	objects = {

/* Begin PBXBuildFile section */
		2F5E13DD28F7B4496D018084 /* Pods_mujigae_food.framework in Frameworks */ = {isa = PBXBuildFile; fileRef = 6A0BA390B83745BF511419D2 /* Pods_mujigae_food.framework */; };
		E6437ED722CCE7D500D701D2 /* AppDelegate.swift in Sources */ = {isa = PBXBuildFile; fileRef = E6437ED622CCE7D500D701D2 /* AppDelegate.swift */; };
		E6437ED922CCE7D500D701D2 /* FavouriteController.swift in Sources */ = {isa = PBXBuildFile; fileRef = E6437ED822CCE7D500D701D2 /* FavouriteController.swift */; };
		E6437EDE22CCE7D800D701D2 /* Assets.xcassets in Resources */ = {isa = PBXBuildFile; fileRef = E6437EDD22CCE7D800D701D2 /* Assets.xcassets */; };
		E6437EE122CCE7D800D701D2 /* LaunchScreen.storyboard in Resources */ = {isa = PBXBuildFile; fileRef = E6437EDF22CCE7D800D701D2 /* LaunchScreen.storyboard */; };
		E6437EED22CCFB6C00D701D2 /* BaseView.swift in Sources */ = {isa = PBXBuildFile; fileRef = E6437EEC22CCFB6C00D701D2 /* BaseView.swift */; };
		E6437EF022CD01D000D701D2 /* FavouriteRootContainer.swift in Sources */ = {isa = PBXBuildFile; fileRef = E6437EEF22CD01D000D701D2 /* FavouriteRootContainer.swift */; };
		E6437EF322CD031C00D701D2 /* UIColorExtensions.swift in Sources */ = {isa = PBXBuildFile; fileRef = E6437EF222CD031C00D701D2 /* UIColorExtensions.swift */; };
		E6437EF522CD08B900D701D2 /* MujiButton.swift in Sources */ = {isa = PBXBuildFile; fileRef = E6437EF422CD08B900D701D2 /* MujiButton.swift */; };
		E6437EF722CD0C8700D701D2 /* UIViewExtensions.swift in Sources */ = {isa = PBXBuildFile; fileRef = E6437EF622CD0C8700D701D2 /* UIViewExtensions.swift */; };
		E6DFF85422CD14510013116F /* ProximaNova-Black.ttf in Resources */ = {isa = PBXBuildFile; fileRef = E6DFF85222CD14400013116F /* ProximaNova-Black.ttf */; };
		E6DFF85522CD14510013116F /* ProximaNova-Bold.ttf in Resources */ = {isa = PBXBuildFile; fileRef = E6DFF85022CD14400013116F /* ProximaNova-Bold.ttf */; };
		E6DFF85622CD14510013116F /* ProximaNova-Extrabld.ttf in Resources */ = {isa = PBXBuildFile; fileRef = E6DFF85122CD14400013116F /* ProximaNova-Extrabld.ttf */; };
		E6DFF85722CD14510013116F /* ProximaNova-Light.ttf in Resources */ = {isa = PBXBuildFile; fileRef = E6DFF84D22CD14400013116F /* ProximaNova-Light.ttf */; };
		E6DFF85822CD14510013116F /* ProximaNova-Regular.ttf in Resources */ = {isa = PBXBuildFile; fileRef = E6DFF85322CD14400013116F /* ProximaNova-Regular.ttf */; };
		E6DFF85922CD14510013116F /* ProximaNova-Semibold.ttf in Resources */ = {isa = PBXBuildFile; fileRef = E6DFF84F22CD14400013116F /* ProximaNova-Semibold.ttf */; };
		E6DFF85A22CD14510013116F /* ProximaNovaT-Thin.ttf in Resources */ = {isa = PBXBuildFile; fileRef = E6DFF84E22CD14400013116F /* ProximaNovaT-Thin.ttf */; };
		E6E7725122CDAE5500F7C9CD /* MujiHeaderView.swift in Sources */ = {isa = PBXBuildFile; fileRef = E6E7725022CDAE5500F7C9CD /* MujiHeaderView.swift */; };
		E6E7725722CDB21500F7C9CD /* MujiFont.swift in Sources */ = {isa = PBXBuildFile; fileRef = E6E7725622CDB21500F7C9CD /* MujiFont.swift */; };
		E6E7725922CDB6D700F7C9CD /* MujiCollectionView.swift in Sources */ = {isa = PBXBuildFile; fileRef = E6E7725822CDB6D700F7C9CD /* MujiCollectionView.swift */; };
		E6E7725B22CDB7CE00F7C9CD /* MenuItem.swift in Sources */ = {isa = PBXBuildFile; fileRef = E6E7725A22CDB7CE00F7C9CD /* MenuItem.swift */; };
		E6E7725D22CDB9DE00F7C9CD /* BaseCollectionViewCell.swift in Sources */ = {isa = PBXBuildFile; fileRef = E6E7725C22CDB9DE00F7C9CD /* BaseCollectionViewCell.swift */; };
		E6E7725F22CDBAE300F7C9CD /* MujiMenuCell.swift in Sources */ = {isa = PBXBuildFile; fileRef = E6E7725E22CDBAE300F7C9CD /* MujiMenuCell.swift */; };
		E6E7726122CDFCC900F7C9CD /* DoneController.swift in Sources */ = {isa = PBXBuildFile; fileRef = E6E7726022CDFCC900F7C9CD /* DoneController.swift */; };
		E6E7726522CE059700F7C9CD /* DoneRootContainer.swift in Sources */ = {isa = PBXBuildFile; fileRef = E6E7726422CE059700F7C9CD /* DoneRootContainer.swift */; };
/* End PBXBuildFile section */

/* Begin PBXFileReference section */
		6A0BA390B83745BF511419D2 /* Pods_mujigae_food.framework */ = {isa = PBXFileReference; explicitFileType = wrapper.framework; includeInIndex = 0; path = Pods_mujigae_food.framework; sourceTree = BUILT_PRODUCTS_DIR; };
		BE480F8EDD40775A60DDA6BF /* Pods-mujigae.food.debug.xcconfig */ = {isa = PBXFileReference; includeInIndex = 1; lastKnownFileType = text.xcconfig; name = "Pods-mujigae.food.debug.xcconfig"; path = "Pods/Target Support Files/Pods-mujigae.food/Pods-mujigae.food.debug.xcconfig"; sourceTree = "<group>"; };
		E6437ED322CCE7D500D701D2 /* mujigae.food.app */ = {isa = PBXFileReference; explicitFileType = wrapper.application; includeInIndex = 0; path = mujigae.food.app; sourceTree = BUILT_PRODUCTS_DIR; };
		E6437ED622CCE7D500D701D2 /* AppDelegate.swift */ = {isa = PBXFileReference; lastKnownFileType = sourcecode.swift; path = AppDelegate.swift; sourceTree = "<group>"; };
		E6437ED822CCE7D500D701D2 /* FavouriteController.swift */ = {isa = PBXFileReference; lastKnownFileType = sourcecode.swift; path = FavouriteController.swift; sourceTree = "<group>"; };
		E6437EDD22CCE7D800D701D2 /* Assets.xcassets */ = {isa = PBXFileReference; lastKnownFileType = folder.assetcatalog; path = Assets.xcassets; sourceTree = "<group>"; };
		E6437EE022CCE7D800D701D2 /* Base */ = {isa = PBXFileReference; lastKnownFileType = file.storyboard; name = Base; path = Base.lproj/LaunchScreen.storyboard; sourceTree = "<group>"; };
		E6437EE222CCE7D800D701D2 /* Info.plist */ = {isa = PBXFileReference; lastKnownFileType = text.plist.xml; path = Info.plist; sourceTree = "<group>"; };
		E6437EEC22CCFB6C00D701D2 /* BaseView.swift */ = {isa = PBXFileReference; lastKnownFileType = sourcecode.swift; path = BaseView.swift; sourceTree = "<group>"; };
		E6437EEF22CD01D000D701D2 /* FavouriteRootContainer.swift */ = {isa = PBXFileReference; lastKnownFileType = sourcecode.swift; path = FavouriteRootContainer.swift; sourceTree = "<group>"; };
		E6437EF222CD031C00D701D2 /* UIColorExtensions.swift */ = {isa = PBXFileReference; lastKnownFileType = sourcecode.swift; path = UIColorExtensions.swift; sourceTree = "<group>"; };
		E6437EF422CD08B900D701D2 /* MujiButton.swift */ = {isa = PBXFileReference; lastKnownFileType = sourcecode.swift; path = MujiButton.swift; sourceTree = "<group>"; };
		E6437EF622CD0C8700D701D2 /* UIViewExtensions.swift */ = {isa = PBXFileReference; lastKnownFileType = sourcecode.swift; path = UIViewExtensions.swift; sourceTree = "<group>"; };
		E6DFF84D22CD14400013116F /* ProximaNova-Light.ttf */ = {isa = PBXFileReference; lastKnownFileType = file; name = "ProximaNova-Light.ttf"; path = "../../../../../../../Downloads/proxima-nova-cufonfonts/ProximaNova-Light.ttf"; sourceTree = "<group>"; };
		E6DFF84E22CD14400013116F /* ProximaNovaT-Thin.ttf */ = {isa = PBXFileReference; lastKnownFileType = file; name = "ProximaNovaT-Thin.ttf"; path = "../../../../../../../Downloads/proxima-nova-cufonfonts/ProximaNovaT-Thin.ttf"; sourceTree = "<group>"; };
		E6DFF84F22CD14400013116F /* ProximaNova-Semibold.ttf */ = {isa = PBXFileReference; lastKnownFileType = file; name = "ProximaNova-Semibold.ttf"; path = "../../../../../../../Downloads/proxima-nova-cufonfonts/ProximaNova-Semibold.ttf"; sourceTree = "<group>"; };
		E6DFF85022CD14400013116F /* ProximaNova-Bold.ttf */ = {isa = PBXFileReference; lastKnownFileType = file; name = "ProximaNova-Bold.ttf"; path = "../../../../../../../Downloads/proxima-nova-cufonfonts/ProximaNova-Bold.ttf"; sourceTree = "<group>"; };
		E6DFF85122CD14400013116F /* ProximaNova-Extrabld.ttf */ = {isa = PBXFileReference; lastKnownFileType = file; name = "ProximaNova-Extrabld.ttf"; path = "../../../../../../../Downloads/proxima-nova-cufonfonts/ProximaNova-Extrabld.ttf"; sourceTree = "<group>"; };
		E6DFF85222CD14400013116F /* ProximaNova-Black.ttf */ = {isa = PBXFileReference; lastKnownFileType = file; name = "ProximaNova-Black.ttf"; path = "../../../../../../../Downloads/proxima-nova-cufonfonts/ProximaNova-Black.ttf"; sourceTree = "<group>"; };
		E6DFF85322CD14400013116F /* ProximaNova-Regular.ttf */ = {isa = PBXFileReference; lastKnownFileType = file; name = "ProximaNova-Regular.ttf"; path = "../../../../../../../Downloads/proxima-nova-cufonfonts/ProximaNova-Regular.ttf"; sourceTree = "<group>"; };
		E6E7725022CDAE5500F7C9CD /* MujiHeaderView.swift */ = {isa = PBXFileReference; lastKnownFileType = sourcecode.swift; path = MujiHeaderView.swift; sourceTree = "<group>"; };
		E6E7725622CDB21500F7C9CD /* MujiFont.swift */ = {isa = PBXFileReference; lastKnownFileType = sourcecode.swift; path = MujiFont.swift; sourceTree = "<group>"; };
		E6E7725822CDB6D700F7C9CD /* MujiCollectionView.swift */ = {isa = PBXFileReference; lastKnownFileType = sourcecode.swift; path = MujiCollectionView.swift; sourceTree = "<group>"; };
		E6E7725A22CDB7CE00F7C9CD /* MenuItem.swift */ = {isa = PBXFileReference; lastKnownFileType = sourcecode.swift; path = MenuItem.swift; sourceTree = "<group>"; };
		E6E7725C22CDB9DE00F7C9CD /* BaseCollectionViewCell.swift */ = {isa = PBXFileReference; lastKnownFileType = sourcecode.swift; path = BaseCollectionViewCell.swift; sourceTree = "<group>"; };
		E6E7725E22CDBAE300F7C9CD /* MujiMenuCell.swift */ = {isa = PBXFileReference; lastKnownFileType = sourcecode.swift; path = MujiMenuCell.swift; sourceTree = "<group>"; };
		E6E7726022CDFCC900F7C9CD /* DoneController.swift */ = {isa = PBXFileReference; lastKnownFileType = sourcecode.swift; path = DoneController.swift; sourceTree = "<group>"; };
		E6E7726422CE059700F7C9CD /* DoneRootContainer.swift */ = {isa = PBXFileReference; lastKnownFileType = sourcecode.swift; path = DoneRootContainer.swift; sourceTree = "<group>"; };
		E9A7AB04BEC7CAA2051DA802 /* Pods-mujigae.food.release.xcconfig */ = {isa = PBXFileReference; includeInIndex = 1; lastKnownFileType = text.xcconfig; name = "Pods-mujigae.food.release.xcconfig"; path = "Pods/Target Support Files/Pods-mujigae.food/Pods-mujigae.food.release.xcconfig"; sourceTree = "<group>"; };
/* End PBXFileReference section */

/* Begin PBXFrameworksBuildPhase section */
		E6437ED022CCE7D500D701D2 /* Frameworks */ = {
			isa = PBXFrameworksBuildPhase;
			buildActionMask = 2147483647;
			files = (
				2F5E13DD28F7B4496D018084 /* Pods_mujigae_food.framework in Frameworks */,
			);
			runOnlyForDeploymentPostprocessing = 0;
		};
/* End PBXFrameworksBuildPhase section */

/* Begin PBXGroup section */
		40DFD57064363447DF80ACA2 /* Pods */ = {
			isa = PBXGroup;
			children = (
				BE480F8EDD40775A60DDA6BF /* Pods-mujigae.food.debug.xcconfig */,
				E9A7AB04BEC7CAA2051DA802 /* Pods-mujigae.food.release.xcconfig */,
			);
			name = Pods;
			sourceTree = "<group>";
		};
		A41C589ED2175D53A408ABDC /* Frameworks */ = {
			isa = PBXGroup;
			children = (
				6A0BA390B83745BF511419D2 /* Pods_mujigae_food.framework */,
			);
			name = Frameworks;
			sourceTree = "<group>";
		};
		E6437ECA22CCE7D400D701D2 = {
			isa = PBXGroup;
			children = (
				E6437ED522CCE7D500D701D2 /* mujigae.food */,
				E6437ED422CCE7D500D701D2 /* Products */,
				40DFD57064363447DF80ACA2 /* Pods */,
				A41C589ED2175D53A408ABDC /* Frameworks */,
			);
			sourceTree = "<group>";
		};
		E6437ED422CCE7D500D701D2 /* Products */ = {
			isa = PBXGroup;
			children = (
				E6437ED322CCE7D500D701D2 /* mujigae.food.app */,
			);
			name = Products;
			sourceTree = "<group>";
		};
		E6437ED522CCE7D500D701D2 /* mujigae.food */ = {
			isa = PBXGroup;
			children = (
				E6DFF84C22CD139C0013116F /* Resources */,
				E6437EF122CD02B300D701D2 /* Extensions */,
				E6437EEB22CCF6AC00D701D2 /* Supporting Files */,
				E6437EEA22CCF6A300D701D2 /* Views */,
				E6437EE922CCF69800D701D2 /* Controllers */,
				E6437EE822CCF69100D701D2 /* Models */,
				E6437ED622CCE7D500D701D2 /* AppDelegate.swift */,
				E6437EE222CCE7D800D701D2 /* Info.plist */,
			);
			path = mujigae.food;
			sourceTree = "<group>";
		};
		E6437EE822CCF69100D701D2 /* Models */ = {
			isa = PBXGroup;
			children = (
				E6E7725A22CDB7CE00F7C9CD /* MenuItem.swift */,
			);
			path = Models;
			sourceTree = "<group>";
		};
		E6437EE922CCF69800D701D2 /* Controllers */ = {
			isa = PBXGroup;
			children = (
				E6437ED822CCE7D500D701D2 /* FavouriteController.swift */,
				E6E7726022CDFCC900F7C9CD /* DoneController.swift */,
			);
			path = Controllers;
			sourceTree = "<group>";
		};
		E6437EEA22CCF6A300D701D2 /* Views */ = {
			isa = PBXGroup;
			children = (
				E6E7726322CE055D00F7C9CD /* DoneScreen */,
				E6437EEE22CCFC3300D701D2 /* FavouriteScreen */,
				E6E7726222CE054100F7C9CD /* MujiKit */,
			);
			path = Views;
			sourceTree = "<group>";
		};
		E6437EEB22CCF6AC00D701D2 /* Supporting Files */ = {
			isa = PBXGroup;
			children = (
				E6437EDF22CCE7D800D701D2 /* LaunchScreen.storyboard */,
				E6437EDD22CCE7D800D701D2 /* Assets.xcassets */,
			);
			path = "Supporting Files";
			sourceTree = "<group>";
		};
		E6437EEE22CCFC3300D701D2 /* FavouriteScreen */ = {
			isa = PBXGroup;
			children = (
				E6E7725E22CDBAE300F7C9CD /* MujiMenuCell.swift */,
				E6E7725822CDB6D700F7C9CD /* MujiCollectionView.swift */,
				E6437EEF22CD01D000D701D2 /* FavouriteRootContainer.swift */,
			);
			path = FavouriteScreen;
			sourceTree = "<group>";
		};
		E6437EF122CD02B300D701D2 /* Extensions */ = {
			isa = PBXGroup;
			children = (
				E6437EF222CD031C00D701D2 /* UIColorExtensions.swift */,
				E6437EF622CD0C8700D701D2 /* UIViewExtensions.swift */,
			);
			path = Extensions;
			sourceTree = "<group>";
		};
		E6DFF84C22CD139C0013116F /* Resources */ = {
			isa = PBXGroup;
			children = (
				E6DFF85222CD14400013116F /* ProximaNova-Black.ttf */,
				E6DFF85022CD14400013116F /* ProximaNova-Bold.ttf */,
				E6DFF85122CD14400013116F /* ProximaNova-Extrabld.ttf */,
				E6DFF84D22CD14400013116F /* ProximaNova-Light.ttf */,
				E6DFF85322CD14400013116F /* ProximaNova-Regular.ttf */,
				E6DFF84F22CD14400013116F /* ProximaNova-Semibold.ttf */,
				E6DFF84E22CD14400013116F /* ProximaNovaT-Thin.ttf */,
				E6E7725622CDB21500F7C9CD /* MujiFont.swift */,
			);
			path = Resources;
			sourceTree = "<group>";
		};
		E6E7726222CE054100F7C9CD /* MujiKit */ = {
			isa = PBXGroup;
			children = (
				E6437EEC22CCFB6C00D701D2 /* BaseView.swift */,
				E6437EF422CD08B900D701D2 /* MujiButton.swift */,
				E6E7725022CDAE5500F7C9CD /* MujiHeaderView.swift */,
				E6E7725C22CDB9DE00F7C9CD /* BaseCollectionViewCell.swift */,
			);
			path = MujiKit;
			sourceTree = "<group>";
		};
		E6E7726322CE055D00F7C9CD /* DoneScreen */ = {
			isa = PBXGroup;
			children = (
				E6E7726422CE059700F7C9CD /* DoneRootContainer.swift */,
			);
			path = DoneScreen;
			sourceTree = "<group>";
		};
/* End PBXGroup section */

/* Begin PBXNativeTarget section */
		E6437ED222CCE7D500D701D2 /* mujigae.food */ = {
			isa = PBXNativeTarget;
			buildConfigurationList = E6437EE522CCE7D800D701D2 /* Build configuration list for PBXNativeTarget "mujigae.food" */;
			buildPhases = (
				794E5B69B5F385592EB659A1 /* [CP] Check Pods Manifest.lock */,
				E6437ECF22CCE7D500D701D2 /* Sources */,
				E6437ED022CCE7D500D701D2 /* Frameworks */,
				E6437ED122CCE7D500D701D2 /* Resources */,
				B6C7CC0C855DEA1E2C99AE8A /* [CP] Embed Pods Frameworks */,
			);
			buildRules = (
			);
			dependencies = (
			);
			name = mujigae.food;
			productName = mujigae.food;
			productReference = E6437ED322CCE7D500D701D2 /* mujigae.food.app */;
			productType = "com.apple.product-type.application";
		};
/* End PBXNativeTarget section */

/* Begin PBXProject section */
		E6437ECB22CCE7D400D701D2 /* Project object */ = {
			isa = PBXProject;
			attributes = {
				LastSwiftUpdateCheck = 1010;
				LastUpgradeCheck = 1010;
				ORGANIZATIONNAME = "Muhammad M. Munir";
				TargetAttributes = {
					E6437ED222CCE7D500D701D2 = {
						CreatedOnToolsVersion = 10.1;
					};
				};
			};
			buildConfigurationList = E6437ECE22CCE7D400D701D2 /* Build configuration list for PBXProject "mujigae.food" */;
			compatibilityVersion = "Xcode 9.3";
			developmentRegion = en;
			hasScannedForEncodings = 0;
			knownRegions = (
				en,
				Base,
			);
			mainGroup = E6437ECA22CCE7D400D701D2;
			productRefGroup = E6437ED422CCE7D500D701D2 /* Products */;
			projectDirPath = "";
			projectRoot = "";
			targets = (
				E6437ED222CCE7D500D701D2 /* mujigae.food */,
			);
		};
/* End PBXProject section */

/* Begin PBXResourcesBuildPhase section */
		E6437ED122CCE7D500D701D2 /* Resources */ = {
			isa = PBXResourcesBuildPhase;
			buildActionMask = 2147483647;
			files = (
				E6437EE122CCE7D800D701D2 /* LaunchScreen.storyboard in Resources */,
				E6DFF85722CD14510013116F /* ProximaNova-Light.ttf in Resources */,
				E6437EDE22CCE7D800D701D2 /* Assets.xcassets in Resources */,
				E6DFF85422CD14510013116F /* ProximaNova-Black.ttf in Resources */,
				E6DFF85522CD14510013116F /* ProximaNova-Bold.ttf in Resources */,
				E6DFF85822CD14510013116F /* ProximaNova-Regular.ttf in Resources */,
				E6DFF85A22CD14510013116F /* ProximaNovaT-Thin.ttf in Resources */,
				E6DFF85622CD14510013116F /* ProximaNova-Extrabld.ttf in Resources */,
				E6DFF85922CD14510013116F /* ProximaNova-Semibold.ttf in Resources */,
			);
			runOnlyForDeploymentPostprocessing = 0;
		};
/* End PBXResourcesBuildPhase section */

/* Begin PBXShellScriptBuildPhase section */
		794E5B69B5F385592EB659A1 /* [CP] Check Pods Manifest.lock */ = {
			isa = PBXShellScriptBuildPhase;
			buildActionMask = 2147483647;
			files = (
			);
			inputFileListPaths = (
			);
			inputPaths = (
				"${PODS_PODFILE_DIR_PATH}/Podfile.lock",
				"${PODS_ROOT}/Manifest.lock",
			);
			name = "[CP] Check Pods Manifest.lock";
			outputFileListPaths = (
			);
			outputPaths = (
				"$(DERIVED_FILE_DIR)/Pods-mujigae.food-checkManifestLockResult.txt",
			);
			runOnlyForDeploymentPostprocessing = 0;
			shellPath = /bin/sh;
			shellScript = "diff \"${PODS_PODFILE_DIR_PATH}/Podfile.lock\" \"${PODS_ROOT}/Manifest.lock\" > /dev/null\nif [ $? != 0 ] ; then\n    # print error to STDERR\n    echo \"error: The sandbox is not in sync with the Podfile.lock. Run 'pod install' or update your CocoaPods installation.\" >&2\n    exit 1\nfi\n# This output is used by Xcode 'outputs' to avoid re-running this script phase.\necho \"SUCCESS\" > \"${SCRIPT_OUTPUT_FILE_0}\"\n";
			showEnvVarsInLog = 0;
		};
		B6C7CC0C855DEA1E2C99AE8A /* [CP] Embed Pods Frameworks */ = {
			isa = PBXShellScriptBuildPhase;
			buildActionMask = 2147483647;
			files = (
			);
			inputFileListPaths = (
			);
			inputPaths = (
				"${SRCROOT}/Pods/Target Support Files/Pods-mujigae.food/Pods-mujigae.food-frameworks.sh",
				"${BUILT_PRODUCTS_DIR}/Alamofire/Alamofire.framework",
				"${BUILT_PRODUCTS_DIR}/SwiftyJSON/SwiftyJSON.framework",
			);
			name = "[CP] Embed Pods Frameworks";
			outputFileListPaths = (
			);
			outputPaths = (
				"${TARGET_BUILD_DIR}/${FRAMEWORKS_FOLDER_PATH}/Alamofire.framework",
				"${TARGET_BUILD_DIR}/${FRAMEWORKS_FOLDER_PATH}/SwiftyJSON.framework",
			);
			runOnlyForDeploymentPostprocessing = 0;
			shellPath = /bin/sh;
			shellScript = "\"${SRCROOT}/Pods/Target Support Files/Pods-mujigae.food/Pods-mujigae.food-frameworks.sh\"\n";
			showEnvVarsInLog = 0;
		};
/* End PBXShellScriptBuildPhase section */

/* Begin PBXSourcesBuildPhase section */
		E6437ECF22CCE7D500D701D2 /* Sources */ = {
			isa = PBXSourcesBuildPhase;
			buildActionMask = 2147483647;
			files = (
				E6437EF522CD08B900D701D2 /* MujiButton.swift in Sources */,
				E6E7725722CDB21500F7C9CD /* MujiFont.swift in Sources */,
				E6E7725122CDAE5500F7C9CD /* MujiHeaderView.swift in Sources */,
				E6E7725F22CDBAE300F7C9CD /* MujiMenuCell.swift in Sources */,
				E6437EF722CD0C8700D701D2 /* UIViewExtensions.swift in Sources */,
				E6E7726122CDFCC900F7C9CD /* DoneController.swift in Sources */,
				E6437EED22CCFB6C00D701D2 /* BaseView.swift in Sources */,
				E6E7725D22CDB9DE00F7C9CD /* BaseCollectionViewCell.swift in Sources */,
				E6437ED922CCE7D500D701D2 /* FavouriteController.swift in Sources */,
				E6437ED722CCE7D500D701D2 /* AppDelegate.swift in Sources */,
				E6E7725922CDB6D700F7C9CD /* MujiCollectionView.swift in Sources */,
				E6E7725B22CDB7CE00F7C9CD /* MenuItem.swift in Sources */,
				E6437EF022CD01D000D701D2 /* FavouriteRootContainer.swift in Sources */,
				E6437EF322CD031C00D701D2 /* UIColorExtensions.swift in Sources */,
				E6E7726522CE059700F7C9CD /* DoneRootContainer.swift in Sources */,
			);
			runOnlyForDeploymentPostprocessing = 0;
		};
/* End PBXSourcesBuildPhase section */

/* Begin PBXVariantGroup section */
		E6437EDF22CCE7D800D701D2 /* LaunchScreen.storyboard */ = {
			isa = PBXVariantGroup;
			children = (
				E6437EE022CCE7D800D701D2 /* Base */,
			);
			name = LaunchScreen.storyboard;
			sourceTree = "<group>";
		};
/* End PBXVariantGroup section */

/* Begin XCBuildConfiguration section */
		E6437EE322CCE7D800D701D2 /* Debug */ = {
			isa = XCBuildConfiguration;
			buildSettings = {
				ALWAYS_SEARCH_USER_PATHS = NO;
				CLANG_ANALYZER_NONNULL = YES;
				CLANG_ANALYZER_NUMBER_OBJECT_CONVERSION = YES_AGGRESSIVE;
				CLANG_CXX_LANGUAGE_STANDARD = "gnu++14";
				CLANG_CXX_LIBRARY = "libc++";
				CLANG_ENABLE_MODULES = YES;
				CLANG_ENABLE_OBJC_ARC = YES;
				CLANG_ENABLE_OBJC_WEAK = YES;
				CLANG_WARN_BLOCK_CAPTURE_AUTORELEASING = YES;
				CLANG_WARN_BOOL_CONVERSION = YES;
				CLANG_WARN_COMMA = YES;
				CLANG_WARN_CONSTANT_CONVERSION = YES;
				CLANG_WARN_DEPRECATED_OBJC_IMPLEMENTATIONS = YES;
				CLANG_WARN_DIRECT_OBJC_ISA_USAGE = YES_ERROR;
				CLANG_WARN_DOCUMENTATION_COMMENTS = YES;
				CLANG_WARN_EMPTY_BODY = YES;
				CLANG_WARN_ENUM_CONVERSION = YES;
				CLANG_WARN_INFINITE_RECURSION = YES;
				CLANG_WARN_INT_CONVERSION = YES;
				CLANG_WARN_NON_LITERAL_NULL_CONVERSION = YES;
				CLANG_WARN_OBJC_IMPLICIT_RETAIN_SELF = YES;
				CLANG_WARN_OBJC_LITERAL_CONVERSION = YES;
				CLANG_WARN_OBJC_ROOT_CLASS = YES_ERROR;
				CLANG_WARN_RANGE_LOOP_ANALYSIS = YES;
				CLANG_WARN_STRICT_PROTOTYPES = YES;
				CLANG_WARN_SUSPICIOUS_MOVE = YES;
				CLANG_WARN_UNGUARDED_AVAILABILITY = YES_AGGRESSIVE;
				CLANG_WARN_UNREACHABLE_CODE = YES;
				CLANG_WARN__DUPLICATE_METHOD_MATCH = YES;
				CODE_SIGN_IDENTITY = "iPhone Developer";
				COPY_PHASE_STRIP = NO;
				DEBUG_INFORMATION_FORMAT = dwarf;
				ENABLE_STRICT_OBJC_MSGSEND = YES;
				ENABLE_TESTABILITY = YES;
				GCC_C_LANGUAGE_STANDARD = gnu11;
				GCC_DYNAMIC_NO_PIC = NO;
				GCC_NO_COMMON_BLOCKS = YES;
				GCC_OPTIMIZATION_LEVEL = 0;
				GCC_PREPROCESSOR_DEFINITIONS = (
					"DEBUG=1",
					"$(inherited)",
				);
				GCC_WARN_64_TO_32_BIT_CONVERSION = YES;
				GCC_WARN_ABOUT_RETURN_TYPE = YES_ERROR;
				GCC_WARN_UNDECLARED_SELECTOR = YES;
				GCC_WARN_UNINITIALIZED_AUTOS = YES_AGGRESSIVE;
				GCC_WARN_UNUSED_FUNCTION = YES;
				GCC_WARN_UNUSED_VARIABLE = YES;
				IPHONEOS_DEPLOYMENT_TARGET = 12.1;
				MTL_ENABLE_DEBUG_INFO = INCLUDE_SOURCE;
				MTL_FAST_MATH = YES;
				ONLY_ACTIVE_ARCH = YES;
				SDKROOT = iphoneos;
				SWIFT_ACTIVE_COMPILATION_CONDITIONS = DEBUG;
				SWIFT_OPTIMIZATION_LEVEL = "-Onone";
			};
			name = Debug;
		};
		E6437EE422CCE7D800D701D2 /* Release */ = {
			isa = XCBuildConfiguration;
			buildSettings = {
				ALWAYS_SEARCH_USER_PATHS = NO;
				CLANG_ANALYZER_NONNULL = YES;
				CLANG_ANALYZER_NUMBER_OBJECT_CONVERSION = YES_AGGRESSIVE;
				CLANG_CXX_LANGUAGE_STANDARD = "gnu++14";
				CLANG_CXX_LIBRARY = "libc++";
				CLANG_ENABLE_MODULES = YES;
				CLANG_ENABLE_OBJC_ARC = YES;
				CLANG_ENABLE_OBJC_WEAK = YES;
				CLANG_WARN_BLOCK_CAPTURE_AUTORELEASING = YES;
				CLANG_WARN_BOOL_CONVERSION = YES;
				CLANG_WARN_COMMA = YES;
				CLANG_WARN_CONSTANT_CONVERSION = YES;
				CLANG_WARN_DEPRECATED_OBJC_IMPLEMENTATIONS = YES;
				CLANG_WARN_DIRECT_OBJC_ISA_USAGE = YES_ERROR;
				CLANG_WARN_DOCUMENTATION_COMMENTS = YES;
				CLANG_WARN_EMPTY_BODY = YES;
				CLANG_WARN_ENUM_CONVERSION = YES;
				CLANG_WARN_INFINITE_RECURSION = YES;
				CLANG_WARN_INT_CONVERSION = YES;
				CLANG_WARN_NON_LITERAL_NULL_CONVERSION = YES;
				CLANG_WARN_OBJC_IMPLICIT_RETAIN_SELF = YES;
				CLANG_WARN_OBJC_LITERAL_CONVERSION = YES;
				CLANG_WARN_OBJC_ROOT_CLASS = YES_ERROR;
				CLANG_WARN_RANGE_LOOP_ANALYSIS = YES;
				CLANG_WARN_STRICT_PROTOTYPES = YES;
				CLANG_WARN_SUSPICIOUS_MOVE = YES;
				CLANG_WARN_UNGUARDED_AVAILABILITY = YES_AGGRESSIVE;
				CLANG_WARN_UNREACHABLE_CODE = YES;
				CLANG_WARN__DUPLICATE_METHOD_MATCH = YES;
				CODE_SIGN_IDENTITY = "iPhone Developer";
				COPY_PHASE_STRIP = NO;
				DEBUG_INFORMATION_FORMAT = "dwarf-with-dsym";
				ENABLE_NS_ASSERTIONS = NO;
				ENABLE_STRICT_OBJC_MSGSEND = YES;
				GCC_C_LANGUAGE_STANDARD = gnu11;
				GCC_NO_COMMON_BLOCKS = YES;
				GCC_WARN_64_TO_32_BIT_CONVERSION = YES;
				GCC_WARN_ABOUT_RETURN_TYPE = YES_ERROR;
				GCC_WARN_UNDECLARED_SELECTOR = YES;
				GCC_WARN_UNINITIALIZED_AUTOS = YES_AGGRESSIVE;
				GCC_WARN_UNUSED_FUNCTION = YES;
				GCC_WARN_UNUSED_VARIABLE = YES;
				IPHONEOS_DEPLOYMENT_TARGET = 12.1;
				MTL_ENABLE_DEBUG_INFO = NO;
				MTL_FAST_MATH = YES;
				SDKROOT = iphoneos;
				SWIFT_COMPILATION_MODE = wholemodule;
				SWIFT_OPTIMIZATION_LEVEL = "-O";
				VALIDATE_PRODUCT = YES;
			};
			name = Release;
		};
		E6437EE622CCE7D800D701D2 /* Debug */ = {
			isa = XCBuildConfiguration;
			baseConfigurationReference = BE480F8EDD40775A60DDA6BF /* Pods-mujigae.food.debug.xcconfig */;
			buildSettings = {
				ASSETCATALOG_COMPILER_APPICON_NAME = AppIcon;
				CODE_SIGN_STYLE = Automatic;
				DEVELOPMENT_TEAM = ZNSUAA9FB3;
				INFOPLIST_FILE = mujigae.food/Info.plist;
				LD_RUNPATH_SEARCH_PATHS = (
					"$(inherited)",
					"@executable_path/Frameworks",
				);
				PRODUCT_BUNDLE_IDENTIFIER = "com.infinity.mujigae-food";
				PRODUCT_NAME = "$(TARGET_NAME)";
				SWIFT_VERSION = 4.2;
				TARGETED_DEVICE_FAMILY = "1,2";
			};
			name = Debug;
		};
		E6437EE722CCE7D800D701D2 /* Release */ = {
			isa = XCBuildConfiguration;
			baseConfigurationReference = E9A7AB04BEC7CAA2051DA802 /* Pods-mujigae.food.release.xcconfig */;
			buildSettings = {
				ASSETCATALOG_COMPILER_APPICON_NAME = AppIcon;
				CODE_SIGN_STYLE = Automatic;
				DEVELOPMENT_TEAM = ZNSUAA9FB3;
				INFOPLIST_FILE = mujigae.food/Info.plist;
				LD_RUNPATH_SEARCH_PATHS = (
					"$(inherited)",
					"@executable_path/Frameworks",
				);
				PRODUCT_BUNDLE_IDENTIFIER = "com.infinity.mujigae-food";
				PRODUCT_NAME = "$(TARGET_NAME)";
				SWIFT_VERSION = 4.2;
				TARGETED_DEVICE_FAMILY = "1,2";
			};
			name = Release;
		};
/* End XCBuildConfiguration section */

/* Begin XCConfigurationList section */
		E6437ECE22CCE7D400D701D2 /* Build configuration list for PBXProject "mujigae.food" */ = {
			isa = XCConfigurationList;
			buildConfigurations = (
				E6437EE322CCE7D800D701D2 /* Debug */,
				E6437EE422CCE7D800D701D2 /* Release */,
			);
			defaultConfigurationIsVisible = 0;
			defaultConfigurationName = Release;
		};
		E6437EE522CCE7D800D701D2 /* Build configuration list for PBXNativeTarget "mujigae.food" */ = {
			isa = XCConfigurationList;
			buildConfigurations = (
				E6437EE622CCE7D800D701D2 /* Debug */,
				E6437EE722CCE7D800D701D2 /* Release */,
			);
			defaultConfigurationIsVisible = 0;
			defaultConfigurationName = Release;
		};
/* End XCConfigurationList section */
	};
	rootObject = E6437ECB22CCE7D400D701D2 /* Project object */;
}
